
Microsoft Visual Studio Solution File, Format Version 12.00
# Visual Studio Version 17
VisualStudioVersion = 17.9.34728.123
MinimumVisualStudioVersion = 10.0.40219.1
Project("{2150E333-8FDC-42A3-9474-1A3956D46DE8}") = "src", "src", "{0822B695-D2DF-4E72-BCAD-DD767655E9C4}"
EndProject
Project("{2150E333-8FDC-42A3-9474-1A3956D46DE8}") = "tests", "tests", "{5E191623-BFC0-4FEC-93A9-047999771EFE}"
EndProject
Project("{2150E333-8FDC-42A3-9474-1A3956D46DE8}") = "docs", "docs", "{A5781BA3-75E1-471A-B2D8-FFA6EEEDBD5B}"
	ProjectSection(SolutionItems) = preProject
		README.md = README.md
	EndProjectSection
EndProject
Project("{9A19103F-16F7-4668-BE54-9A1E7A4F7556}") = "Web.Api", "src\Web.Api\Web.Api.csproj", "{F7E76506-B0E8-4277-9EF1-958FA786F3D5}"
EndProject
Project("{9A19103F-16F7-4668-BE54-9A1E7A4F7556}") = "Web.Api.IntegrationTests", "tests\Web.Api.IntegrationTests\Web.Api.IntegrationTests.csproj", "{1F302DCD-2100-42CA-850A-570C30230FDF}"
EndProject
Project("{2150E333-8FDC-42A3-9474-1A3956D46DE8}") = "build", "build", "{4A648E15-FEF1-47BB-99FC-26CEE2516ACB}"
	ProjectSection(SolutionItems) = preProject
		.github\workflows\dotnet.yml = .github\workflows\dotnet.yml
	EndProjectSection
EndProject
Project("{FAE04EC0-301F-11D3-BF4B-00C04F79EFBC}") = "Web.Api.UnitTests", "tests\Web.Api.UnitTests\Web.Api.UnitTests.csproj", "{CBDC7AB2-99B8-4D88-BF1A-B416E2C004FA}"
EndProject
Project("{FAE04EC0-301F-11D3-BF4B-00C04F79EFBC}") = "Core.ArchitectureTests", "tests\Core.ArchitectureTests\Core.ArchitectureTests.csproj", "{8C310E57-8D96-4B6A-B13A-B3AACC62F220}"
EndProject
Project("{FAE04EC0-301F-11D3-BF4B-00C04F79EFBC}") = "AppHost", "src\AppHost\AppHost.csproj", "{E416FECE-132D-4044-9A7C-A235B86B3020}"
EndProject
Project("{FAE04EC0-301F-11D3-BF4B-00C04F79EFBC}") = "ServiceDefaults", "src\ServiceDefaults\ServiceDefaults.csproj", "{9770481A-0D97-4ACC-BEE2-09A72719C0B7}"
EndProject
Project("{FAE04EC0-301F-11D3-BF4B-00C04F79EFBC}") = "Core", "src\Core\Core.csproj", "{0F1D7F3F-04E5-48EE-8F39-05A0949321CF}"
EndProject
Project("{FAE04EC0-301F-11D3-BF4B-00C04F79EFBC}") = "Core.IntegrationTests", "tests\Core.IntegrationTests\Core.IntegrationTests.csproj", "{CAFC2FD7-0B33-49B9-A5DB-3B588C8D343C}"
EndProject
Project("{FAE04EC0-301F-11D3-BF4B-00C04F79EFBC}") = "Worker", "src\Worker\Worker.csproj", "{9156941C-6DF5-4237-A8E8-8D1B5738A87F}"
EndProject
Global
	GlobalSection(SolutionConfigurationPlatforms) = preSolution
		Debug|Any CPU = Debug|Any CPU
		Release|Any CPU = Release|Any CPU
	EndGlobalSection
	GlobalSection(ProjectConfigurationPlatforms) = postSolution
		{F7E76506-B0E8-4277-9EF1-958FA786F3D5}.Debug|Any CPU.ActiveCfg = Debug|Any CPU
		{F7E76506-B0E8-4277-9EF1-958FA786F3D5}.Debug|Any CPU.Build.0 = Debug|Any CPU
		{F7E76506-B0E8-4277-9EF1-958FA786F3D5}.Release|Any CPU.ActiveCfg = Release|Any CPU
		{F7E76506-B0E8-4277-9EF1-958FA786F3D5}.Release|Any CPU.Build.0 = Release|Any CPU
		{1F302DCD-2100-42CA-850A-570C30230FDF}.Debug|Any CPU.ActiveCfg = Debug|Any CPU
		{1F302DCD-2100-42CA-850A-570C30230FDF}.Debug|Any CPU.Build.0 = Debug|Any CPU
		{1F302DCD-2100-42CA-850A-570C30230FDF}.Release|Any CPU.ActiveCfg = Release|Any CPU
		{1F302DCD-2100-42CA-850A-570C30230FDF}.Release|Any CPU.Build.0 = Release|Any CPU
		{CBDC7AB2-99B8-4D88-BF1A-B416E2C004FA}.Debug|Any CPU.ActiveCfg = Debug|Any CPU
		{CBDC7AB2-99B8-4D88-BF1A-B416E2C004FA}.Debug|Any CPU.Build.0 = Debug|Any CPU
		{CBDC7AB2-99B8-4D88-BF1A-B416E2C004FA}.Release|Any CPU.ActiveCfg = Release|Any CPU
		{CBDC7AB2-99B8-4D88-BF1A-B416E2C004FA}.Release|Any CPU.Build.0 = Release|Any CPU
		{8C310E57-8D96-4B6A-B13A-B3AACC62F220}.Debug|Any CPU.ActiveCfg = Debug|Any CPU
		{8C310E57-8D96-4B6A-B13A-B3AACC62F220}.Debug|Any CPU.Build.0 = Debug|Any CPU
		{8C310E57-8D96-4B6A-B13A-B3AACC62F220}.Release|Any CPU.ActiveCfg = Release|Any CPU
		{8C310E57-8D96-4B6A-B13A-B3AACC62F220}.Release|Any CPU.Build.0 = Release|Any CPU
		{E416FECE-132D-4044-9A7C-A235B86B3020}.Debug|Any CPU.ActiveCfg = Debug|Any CPU
		{E416FECE-132D-4044-9A7C-A235B86B3020}.Debug|Any CPU.Build.0 = Debug|Any CPU
		{E416FECE-132D-4044-9A7C-A235B86B3020}.Release|Any CPU.ActiveCfg = Release|Any CPU
		{E416FECE-132D-4044-9A7C-A235B86B3020}.Release|Any CPU.Build.0 = Release|Any CPU
		{9770481A-0D97-4ACC-BEE2-09A72719C0B7}.Debug|Any CPU.ActiveCfg = Debug|Any CPU
		{9770481A-0D97-4ACC-BEE2-09A72719C0B7}.Debug|Any CPU.Build.0 = Debug|Any CPU
		{9770481A-0D97-4ACC-BEE2-09A72719C0B7}.Release|Any CPU.ActiveCfg = Release|Any CPU
		{9770481A-0D97-4ACC-BEE2-09A72719C0B7}.Release|Any CPU.Build.0 = Release|Any CPU
		{0F1D7F3F-04E5-48EE-8F39-05A0949321CF}.Debug|Any CPU.ActiveCfg = Debug|Any CPU
		{0F1D7F3F-04E5-48EE-8F39-05A0949321CF}.Debug|Any CPU.Build.0 = Debug|Any CPU
		{0F1D7F3F-04E5-48EE-8F39-05A0949321CF}.Release|Any CPU.ActiveCfg = Release|Any CPU
		{0F1D7F3F-04E5-48EE-8F39-05A0949321CF}.Release|Any CPU.Build.0 = Release|Any CPU
		{CAFC2FD7-0B33-49B9-A5DB-3B588C8D343C}.Debug|Any CPU.ActiveCfg = Debug|Any CPU
		{CAFC2FD7-0B33-49B9-A5DB-3B588C8D343C}.Debug|Any CPU.Build.0 = Debug|Any CPU
		{CAFC2FD7-0B33-49B9-A5DB-3B588C8D343C}.Release|Any CPU.ActiveCfg = Release|Any CPU
		{CAFC2FD7-0B33-49B9-A5DB-3B588C8D343C}.Release|Any CPU.Build.0 = Release|Any CPU
		{9156941C-6DF5-4237-A8E8-8D1B5738A87F}.Debug|Any CPU.ActiveCfg = Debug|Any CPU
		{9156941C-6DF5-4237-A8E8-8D1B5738A87F}.Debug|Any CPU.Build.0 = Debug|Any CPU
		{9156941C-6DF5-4237-A8E8-8D1B5738A87F}.Release|Any CPU.ActiveCfg = Release|Any CPU
		{9156941C-6DF5-4237-A8E8-8D1B5738A87F}.Release|Any CPU.Build.0 = Release|Any CPU
	EndGlobalSection
	GlobalSection(SolutionProperties) = preSolution
		HideSolutionNode = FALSE
	EndGlobalSection
	GlobalSection(NestedProjects) = preSolution
		{F7E76506-B0E8-4277-9EF1-958FA786F3D5} = {0822B695-D2DF-4E72-BCAD-DD767655E9C4}
		{1F302DCD-2100-42CA-850A-570C30230FDF} = {5E191623-BFC0-4FEC-93A9-047999771EFE}
		{CBDC7AB2-99B8-4D88-BF1A-B416E2C004FA} = {5E191623-BFC0-4FEC-93A9-047999771EFE}
		{8C310E57-8D96-4B6A-B13A-B3AACC62F220} = {5E191623-BFC0-4FEC-93A9-047999771EFE}
		{E416FECE-132D-4044-9A7C-A235B86B3020} = {0822B695-D2DF-4E72-BCAD-DD767655E9C4}
		{9770481A-0D97-4ACC-BEE2-09A72719C0B7} = {0822B695-D2DF-4E72-BCAD-DD767655E9C4}
		{0F1D7F3F-04E5-48EE-8F39-05A0949321CF} = {0822B695-D2DF-4E72-BCAD-DD767655E9C4}
		{CAFC2FD7-0B33-49B9-A5DB-3B588C8D343C} = {5E191623-BFC0-4FEC-93A9-047999771EFE}
		{9156941C-6DF5-4237-A8E8-8D1B5738A87F} = {0822B695-D2DF-4E72-BCAD-DD767655E9C4}
	EndGlobalSection
	GlobalSection(ExtensibilityGlobals) = postSolution
		SolutionGuid = {C31453C5-23E9-43FB-A7A8-D30FBE018ACC}
	EndGlobalSection
EndGlobal
